
Microsoft Visual Studio Solution File, Format Version 12.00
# Visual Studio 15
VisualStudioVersion = 15.0.27130.2027
MinimumVisualStudioVersion = 10.0.40219.1
Project("{FAE04EC0-301F-11D3-BF4B-00C04F79EFBC}") = "Sr_6", "Sr_6\Sr_6.csproj", "{11E5B147-D1BB-409F-9E52-2B7379228AF5}"
EndProject
Global
	GlobalSection(SolutionConfigurationPlatforms) = preSolution
		Debug|Any CPU = Debug|Any CPU
		Release|Any CPU = Release|Any CPU
	EndGlobalSection
	GlobalSection(ProjectConfigurationPlatforms) = postSolution
		{11E5B147-D1BB-409F-9E52-2B7379228AF5}.Debug|Any CPU.ActiveCfg = Debug|Any CPU
		{11E5B147-D1BB-409F-9E52-2B7379228AF5}.Debug|Any CPU.Build.0 = Debug|Any CPU
		{11E5B147-D1BB-409F-9E52-2B7379228AF5}.Release|Any CPU.ActiveCfg = Release|Any CPU
		{11E5B147-D1BB-409F-9E52-2B7379228AF5}.Release|Any CPU.Build.0 = Release|Any CPU
	EndGlobalSection
	GlobalSection(SolutionProperties) = preSolution
		HideSolutionNode = FALSE
	EndGlobalSection
	GlobalSection(ExtensibilityGlobals) = postSolution
		SolutionGuid = {1985EA84-1AF7-4320-AE73-225BA08D2900}
	EndGlobalSection
EndGlobal
