
Microsoft Visual Studio Solution File, Format Version 12.00
# Visual Studio 15
VisualStudioVersion = 15.0.27130.2027
MinimumVisualStudioVersion = 10.0.40219.1
Project("{FAE04EC0-301F-11D3-BF4B-00C04F79EFBC}") = "Sr_11", "Sr_11\Sr_11.csproj", "{A5DA698E-BE3F-4EAC-8AE3-7081FB6FCEC4}"
EndProject
Global
	GlobalSection(SolutionConfigurationPlatforms) = preSolution
		Debug|Any CPU = Debug|Any CPU
		Release|Any CPU = Release|Any CPU
	EndGlobalSection
	GlobalSection(ProjectConfigurationPlatforms) = postSolution
		{A5DA698E-BE3F-4EAC-8AE3-7081FB6FCEC4}.Debug|Any CPU.ActiveCfg = Debug|Any CPU
		{A5DA698E-BE3F-4EAC-8AE3-7081FB6FCEC4}.Debug|Any CPU.Build.0 = Debug|Any CPU
		{A5DA698E-BE3F-4EAC-8AE3-7081FB6FCEC4}.Release|Any CPU.ActiveCfg = Release|Any CPU
		{A5DA698E-BE3F-4EAC-8AE3-7081FB6FCEC4}.Release|Any CPU.Build.0 = Release|Any CPU
	EndGlobalSection
	GlobalSection(SolutionProperties) = preSolution
		HideSolutionNode = FALSE
	EndGlobalSection
	GlobalSection(ExtensibilityGlobals) = postSolution
		SolutionGuid = {DD26238B-37B5-4B88-B4EE-AE1B0082C414}
	EndGlobalSection
EndGlobal
